
Microsoft Visual Studio Solution File, Format Version 12.00
# Visual Studio 14
VisualStudioVersion = 14.0.25123.0
MinimumVisualStudioVersion = 10.0.40219.1
Project("{FAE04EC0-301F-11D3-BF4B-00C04F79EFBC}") = "QueryBuilderMVC", "QueryBuilderMVC\QueryBuilderMVC.csproj", "{B7F9DBBC-DB3B-4BF5-93DC-A85BA1FAFDC4}"
	ProjectSection(ProjectDependencies) = postProject
		{919E2F0A-7941-443D-93CD-8CDB5BD9C3DF} = {919E2F0A-7941-443D-93CD-8CDB5BD9C3DF}
		{F0E68D32-C9E0-47E3-87BC-CD16904E7E76} = {F0E68D32-C9E0-47E3-87BC-CD16904E7E76}
		{EA846C4E-22EF-4810-B297-FEE38D51DB9D} = {EA846C4E-22EF-4810-B297-FEE38D51DB9D}
		{FC317FA6-9BBE-4FE8-996C-0DB80D6C604D} = {FC317FA6-9BBE-4FE8-996C-0DB80D6C604D}
	EndProjectSection
EndProject
Project("{FAE04EC0-301F-11D3-BF4B-00C04F79EFBC}") = "QueryBuilderMVC.Tests", "QueryBuilderMVC.Tests\QueryBuilderMVC.Tests.csproj", "{71709F8A-50A3-4276-971F-DF29C2B8302B}"
	ProjectSection(ProjectDependencies) = postProject
		{919E2F0A-7941-443D-93CD-8CDB5BD9C3DF} = {919E2F0A-7941-443D-93CD-8CDB5BD9C3DF}
		{EA846C4E-22EF-4810-B297-FEE38D51DB9D} = {EA846C4E-22EF-4810-B297-FEE38D51DB9D}
	EndProjectSection
EndProject
Project("{FAE04EC0-301F-11D3-BF4B-00C04F79EFBC}") = "QueryBuilder.DAL", "QueryBuilder.DAL\QueryBuilder.DAL.csproj", "{919E2F0A-7941-443D-93CD-8CDB5BD9C3DF}"
EndProject
Project("{FAE04EC0-301F-11D3-BF4B-00C04F79EFBC}") = "QueryBuilder.Constants", "..\QuerryBuilder\QueryBuilder.Constants\QueryBuilder.Constants.csproj", "{EA846C4E-22EF-4810-B297-FEE38D51DB9D}"
EndProject
Project("{FAE04EC0-301F-11D3-BF4B-00C04F79EFBC}") = "QueryBuilder.Services", "QueryBuilder.Services\QueryBuilder.Services.csproj", "{FC317FA6-9BBE-4FE8-996C-0DB80D6C604D}"
EndProject
Project("{FAE04EC0-301F-11D3-BF4B-00C04F79EFBC}") = "QueryBuilder.Utils", "QueryBuilder.Utils\QueryBuilder.Utils.csproj", "{F0E68D32-C9E0-47E3-87BC-CD16904E7E76}"
EndProject
Project("{FAE04EC0-301F-11D3-BF4B-00C04F79EFBC}") = "QueryBuilder.University", "QueryBuilder.University\QueryBuilder.University.csproj", "{FA8F6233-15BB-4A6B-A51A-F24CC506BC52}"
EndProject
Global
	GlobalSection(SolutionConfigurationPlatforms) = preSolution
		Debug|Any CPU = Debug|Any CPU
		Release|Any CPU = Release|Any CPU
	EndGlobalSection
	GlobalSection(ProjectConfigurationPlatforms) = postSolution
		{B7F9DBBC-DB3B-4BF5-93DC-A85BA1FAFDC4}.Debug|Any CPU.ActiveCfg = Debug|Any CPU
		{B7F9DBBC-DB3B-4BF5-93DC-A85BA1FAFDC4}.Debug|Any CPU.Build.0 = Debug|Any CPU
		{B7F9DBBC-DB3B-4BF5-93DC-A85BA1FAFDC4}.Release|Any CPU.ActiveCfg = Release|Any CPU
		{B7F9DBBC-DB3B-4BF5-93DC-A85BA1FAFDC4}.Release|Any CPU.Build.0 = Release|Any CPU
		{71709F8A-50A3-4276-971F-DF29C2B8302B}.Debug|Any CPU.ActiveCfg = Debug|Any CPU
		{71709F8A-50A3-4276-971F-DF29C2B8302B}.Debug|Any CPU.Build.0 = Debug|Any CPU
		{71709F8A-50A3-4276-971F-DF29C2B8302B}.Release|Any CPU.ActiveCfg = Release|Any CPU
		{71709F8A-50A3-4276-971F-DF29C2B8302B}.Release|Any CPU.Build.0 = Release|Any CPU
		{919E2F0A-7941-443D-93CD-8CDB5BD9C3DF}.Debug|Any CPU.ActiveCfg = Debug|Any CPU
		{919E2F0A-7941-443D-93CD-8CDB5BD9C3DF}.Debug|Any CPU.Build.0 = Debug|Any CPU
		{919E2F0A-7941-443D-93CD-8CDB5BD9C3DF}.Release|Any CPU.ActiveCfg = Release|Any CPU
		{919E2F0A-7941-443D-93CD-8CDB5BD9C3DF}.Release|Any CPU.Build.0 = Release|Any CPU
		{EA846C4E-22EF-4810-B297-FEE38D51DB9D}.Debug|Any CPU.ActiveCfg = Debug|Any CPU
		{EA846C4E-22EF-4810-B297-FEE38D51DB9D}.Debug|Any CPU.Build.0 = Debug|Any CPU
		{EA846C4E-22EF-4810-B297-FEE38D51DB9D}.Release|Any CPU.ActiveCfg = Release|Any CPU
		{EA846C4E-22EF-4810-B297-FEE38D51DB9D}.Release|Any CPU.Build.0 = Release|Any CPU
		{FC317FA6-9BBE-4FE8-996C-0DB80D6C604D}.Debug|Any CPU.ActiveCfg = Debug|Any CPU
		{FC317FA6-9BBE-4FE8-996C-0DB80D6C604D}.Debug|Any CPU.Build.0 = Debug|Any CPU
		{FC317FA6-9BBE-4FE8-996C-0DB80D6C604D}.Release|Any CPU.ActiveCfg = Release|Any CPU
		{FC317FA6-9BBE-4FE8-996C-0DB80D6C604D}.Release|Any CPU.Build.0 = Release|Any CPU
		{F0E68D32-C9E0-47E3-87BC-CD16904E7E76}.Debug|Any CPU.ActiveCfg = Debug|Any CPU
		{F0E68D32-C9E0-47E3-87BC-CD16904E7E76}.Debug|Any CPU.Build.0 = Debug|Any CPU
		{F0E68D32-C9E0-47E3-87BC-CD16904E7E76}.Release|Any CPU.ActiveCfg = Release|Any CPU
		{F0E68D32-C9E0-47E3-87BC-CD16904E7E76}.Release|Any CPU.Build.0 = Release|Any CPU
		{FA8F6233-15BB-4A6B-A51A-F24CC506BC52}.Debug|Any CPU.ActiveCfg = Debug|Any CPU
		{FA8F6233-15BB-4A6B-A51A-F24CC506BC52}.Debug|Any CPU.Build.0 = Debug|Any CPU
		{FA8F6233-15BB-4A6B-A51A-F24CC506BC52}.Release|Any CPU.ActiveCfg = Release|Any CPU
		{FA8F6233-15BB-4A6B-A51A-F24CC506BC52}.Release|Any CPU.Build.0 = Release|Any CPU
	EndGlobalSection
	GlobalSection(SolutionProperties) = preSolution
		HideSolutionNode = FALSE
	EndGlobalSection
EndGlobal
